
Microsoft Visual Studio Solution File, Format Version 12.00
# Visual Studio Version 17
VisualStudioVersion = 17.0.31903.59
MinimumVisualStudioVersion = 10.0.40219.1
Project("{FAE04EC0-301F-11D3-BF4B-00C04F79EFBC}") = "PRACTICA EXPERIMENTAL 2", "PRACTICA EXPERIMENTAL 2\PRACTICA EXPERIMENTAL 2.csproj", "{97842B99-A8FC-4A8F-B83D-B9678645CA20}"
EndProject
Project("{FAE04EC0-301F-11D3-BF4B-00C04F79EFBC}") = "SEMANA 11", "SEMANA 11\SEMANA 11.csproj", "{0AEB5FEA-44CE-430A-A0A0-5B3105A3994D}"
EndProject
Global
	GlobalSection(SolutionConfigurationPlatforms) = preSolution
		Debug|Any CPU = Debug|Any CPU
		Release|Any CPU = Release|Any CPU
	EndGlobalSection
	GlobalSection(SolutionProperties) = preSolution
		HideSolutionNode = FALSE
	EndGlobalSection
	GlobalSection(ProjectConfigurationPlatforms) = postSolution
		{97842B99-A8FC-4A8F-B83D-B9678645CA20}.Debug|Any CPU.ActiveCfg = Debug|Any CPU
		{97842B99-A8FC-4A8F-B83D-B9678645CA20}.Debug|Any CPU.Build.0 = Debug|Any CPU
		{97842B99-A8FC-4A8F-B83D-B9678645CA20}.Release|Any CPU.ActiveCfg = Release|Any CPU
		{97842B99-A8FC-4A8F-B83D-B9678645CA20}.Release|Any CPU.Build.0 = Release|Any CPU
		{0AEB5FEA-44CE-430A-A0A0-5B3105A3994D}.Debug|Any CPU.ActiveCfg = Debug|Any CPU
		{0AEB5FEA-44CE-430A-A0A0-5B3105A3994D}.Debug|Any CPU.Build.0 = Debug|Any CPU
		{0AEB5FEA-44CE-430A-A0A0-5B3105A3994D}.Release|Any CPU.ActiveCfg = Release|Any CPU
		{0AEB5FEA-44CE-430A-A0A0-5B3105A3994D}.Release|Any CPU.Build.0 = Release|Any CPU
	EndGlobalSection
EndGlobal
